
Microsoft Visual Studio Solution File, Format Version 12.00
# Visual Studio Version 17
VisualStudioVersion = 17.13.35828.75 d17.13
MinimumVisualStudioVersion = 10.0.40219.1
Project("{FAE04EC0-301F-11D3-BF4B-00C04F79EFBC}") = "SERVER_RemoteMonitoring", "SERVER_RemoteMonitoring\SERVER_RemoteMonitoring.csproj", "{B1DBF759-A715-41B8-8050-F062E8130C67}"
EndProject
Global
	GlobalSection(SolutionConfigurationPlatforms) = preSolution
		Debug|Any CPU = Debug|Any CPU
		Release|Any CPU = Release|Any CPU
	EndGlobalSection
	GlobalSection(ProjectConfigurationPlatforms) = postSolution
		{B1DBF759-A715-41B8-8050-F062E8130C67}.Debug|Any CPU.ActiveCfg = Debug|Any CPU
		{B1DBF759-A715-41B8-8050-F062E8130C67}.Debug|Any CPU.Build.0 = Debug|Any CPU
		{B1DBF759-A715-41B8-8050-F062E8130C67}.Release|Any CPU.ActiveCfg = Release|Any CPU
		{B1DBF759-A715-41B8-8050-F062E8130C67}.Release|Any CPU.Build.0 = Release|Any CPU
	EndGlobalSection
	GlobalSection(SolutionProperties) = preSolution
		HideSolutionNode = FALSE
	EndGlobalSection
	GlobalSection(ExtensibilityGlobals) = postSolution
		SolutionGuid = {2DB473E3-A05D-4340-8BFD-F68FD6BD3C13}
	EndGlobalSection
EndGlobal
